
Microsoft Visual Studio Solution File, Format Version 12.00
# Visual Studio Version 17
VisualStudioVersion = 17.4.33403.182
MinimumVisualStudioVersion = 10.0.40219.1
Project("{FAE04EC0-301F-11D3-BF4B-00C04F79EFBC}") = "SuperHeroAPI", "SuperHeroAPI\SuperHeroAPI.csproj", "{CBF378ED-DB54-4665-8D50-CAF4FD733730}"
EndProject
Global
	GlobalSection(SolutionConfigurationPlatforms) = preSolution
		Debug|Any CPU = Debug|Any CPU
		Release|Any CPU = Release|Any CPU
	EndGlobalSection
	GlobalSection(ProjectConfigurationPlatforms) = postSolution
		{CBF378ED-DB54-4665-8D50-CAF4FD733730}.Debug|Any CPU.ActiveCfg = Debug|Any CPU
		{CBF378ED-DB54-4665-8D50-CAF4FD733730}.Debug|Any CPU.Build.0 = Debug|Any CPU
		{CBF378ED-DB54-4665-8D50-CAF4FD733730}.Release|Any CPU.ActiveCfg = Release|Any CPU
		{CBF378ED-DB54-4665-8D50-CAF4FD733730}.Release|Any CPU.Build.0 = Release|Any CPU
	EndGlobalSection
	GlobalSection(SolutionProperties) = preSolution
		HideSolutionNode = FALSE
	EndGlobalSection
	GlobalSection(ExtensibilityGlobals) = postSolution
		SolutionGuid = {9C176BB4-6A31-4251-9C68-3BFEC4839904}
	EndGlobalSection
EndGlobal
